// !$*UTF8*$!
{
	archiveVersion = 1;
	classes = {
	};
	objectVersion = 50;
	objects = {

/* Begin PBXBuildFile section */
		A27158B526B3964C00DDF92F /* ColorPaletteSUIApp.swift in Sources */ = {isa = PBXBuildFile; fileRef = A27158B426B3964C00DDF92F /* ColorPaletteSUIApp.swift */; };
		A27158B726B3964C00DDF92F /* ContentView.swift in Sources */ = {isa = PBXBuildFile; fileRef = A27158B626B3964C00DDF92F /* ContentView.swift */; };
		A27158B926B3965100DDF92F /* Assets.xcassets in Resources */ = {isa = PBXBuildFile; fileRef = A27158B826B3965100DDF92F /* Assets.xcassets */; };
		A27158BC26B3965100DDF92F /* Preview Assets.xcassets in Resources */ = {isa = PBXBuildFile; fileRef = A27158BB26B3965100DDF92F /* Preview Assets.xcassets */; };
		A27158C526B3978F00DDF92F /* BackgroundView.swift in Sources */ = {isa = PBXBuildFile; fileRef = A27158C426B3978F00DDF92F /* BackgroundView.swift */; };
		A27158C726B397EB00DDF92F /* ColorPreviewView.swift in Sources */ = {isa = PBXBuildFile; fileRef = A27158C626B397EB00DDF92F /* ColorPreviewView.swift */; };
		A27158CA26B39D5900DDF92F /* ColorTextValue.swift in Sources */ = {isa = PBXBuildFile; fileRef = A27158C926B39D5900DDF92F /* ColorTextValue.swift */; };
		A27158CC26B39D6D00DDF92F /* ValueSlider.swift in Sources */ = {isa = PBXBuildFile; fileRef = A27158CB26B39D6D00DDF92F /* ValueSlider.swift */; };
		A27158CE26B39D7C00DDF92F /* SliderTextField.swift in Sources */ = {isa = PBXBuildFile; fileRef = A27158CD26B39D7C00DDF92F /* SliderTextField.swift */; };
		A27158D026B3A02A00DDF92F /* TrackColor.swift in Sources */ = {isa = PBXBuildFile; fileRef = A27158CF26B3A02A00DDF92F /* TrackColor.swift */; };
		A27158D226B3A19700DDF92F /* ColorSlider.swift in Sources */ = {isa = PBXBuildFile; fileRef = A27158D126B3A19700DDF92F /* ColorSlider.swift */; };
		A27158D726B4029E00DDF92F /* Validator.swift in Sources */ = {isa = PBXBuildFile; fileRef = A27158D626B4029E00DDF92F /* Validator.swift */; };
		A27158D926B4086200DDF92F /* ShowAlert.swift in Sources */ = {isa = PBXBuildFile; fileRef = A27158D826B4086200DDF92F /* ShowAlert.swift */; };
		A27158DB26B40A4B00DDF92F /* ColorTextField.swift in Sources */ = {isa = PBXBuildFile; fileRef = A27158DA26B40A4B00DDF92F /* ColorTextField.swift */; };
		A27158DD26B40B2800DDF92F /* BackgroundViewStyle.swift in Sources */ = {isa = PBXBuildFile; fileRef = A27158DC26B40B2800DDF92F /* BackgroundViewStyle.swift */; };
/* End PBXBuildFile section */

/* Begin PBXFileReference section */
		A27158B126B3964C00DDF92F /* ColorPaletteSUI.app */ = {isa = PBXFileReference; explicitFileType = wrapper.application; includeInIndex = 0; path = ColorPaletteSUI.app; sourceTree = BUILT_PRODUCTS_DIR; };
		A27158B426B3964C00DDF92F /* ColorPaletteSUIApp.swift */ = {isa = PBXFileReference; lastKnownFileType = sourcecode.swift; path = ColorPaletteSUIApp.swift; sourceTree = "<group>"; };
		A27158B626B3964C00DDF92F /* ContentView.swift */ = {isa = PBXFileReference; lastKnownFileType = sourcecode.swift; path = ContentView.swift; sourceTree = "<group>"; };
		A27158B826B3965100DDF92F /* Assets.xcassets */ = {isa = PBXFileReference; lastKnownFileType = folder.assetcatalog; path = Assets.xcassets; sourceTree = "<group>"; };
		A27158BB26B3965100DDF92F /* Preview Assets.xcassets */ = {isa = PBXFileReference; lastKnownFileType = folder.assetcatalog; path = "Preview Assets.xcassets"; sourceTree = "<group>"; };
		A27158BD26B3965200DDF92F /* Info.plist */ = {isa = PBXFileReference; lastKnownFileType = text.plist.xml; path = Info.plist; sourceTree = "<group>"; };
		A27158C426B3978F00DDF92F /* BackgroundView.swift */ = {isa = PBXFileReference; lastKnownFileType = sourcecode.swift; path = BackgroundView.swift; sourceTree = "<group>"; };
		A27158C626B397EB00DDF92F /* ColorPreviewView.swift */ = {isa = PBXFileReference; lastKnownFileType = sourcecode.swift; path = ColorPreviewView.swift; sourceTree = "<group>"; };
		A27158C926B39D5900DDF92F /* ColorTextValue.swift */ = {isa = PBXFileReference; lastKnownFileType = sourcecode.swift; path = ColorTextValue.swift; sourceTree = "<group>"; };
		A27158CB26B39D6D00DDF92F /* ValueSlider.swift */ = {isa = PBXFileReference; lastKnownFileType = sourcecode.swift; path = ValueSlider.swift; sourceTree = "<group>"; };
		A27158CD26B39D7C00DDF92F /* SliderTextField.swift */ = {isa = PBXFileReference; lastKnownFileType = sourcecode.swift; path = SliderTextField.swift; sourceTree = "<group>"; };
		A27158CF26B3A02A00DDF92F /* TrackColor.swift */ = {isa = PBXFileReference; lastKnownFileType = sourcecode.swift; path = TrackColor.swift; sourceTree = "<group>"; };
		A27158D126B3A19700DDF92F /* ColorSlider.swift */ = {isa = PBXFileReference; lastKnownFileType = sourcecode.swift; path = ColorSlider.swift; sourceTree = "<group>"; };
		A27158D626B4029E00DDF92F /* Validator.swift */ = {isa = PBXFileReference; lastKnownFileType = sourcecode.swift; path = Validator.swift; sourceTree = "<group>"; };
		A27158D826B4086200DDF92F /* ShowAlert.swift */ = {isa = PBXFileReference; fileEncoding = 4; lastKnownFileType = sourcecode.swift; path = ShowAlert.swift; sourceTree = "<group>"; };
		A27158DA26B40A4B00DDF92F /* ColorTextField.swift */ = {isa = PBXFileReference; fileEncoding = 4; lastKnownFileType = sourcecode.swift; path = ColorTextField.swift; sourceTree = "<group>"; };
		A27158DC26B40B2800DDF92F /* BackgroundViewStyle.swift */ = {isa = PBXFileReference; fileEncoding = 4; lastKnownFileType = sourcecode.swift; path = BackgroundViewStyle.swift; sourceTree = "<group>"; };
/* End PBXFileReference section */

/* Begin PBXFrameworksBuildPhase section */
		A27158AE26B3964C00DDF92F /* Frameworks */ = {
			isa = PBXFrameworksBuildPhase;
			buildActionMask = 2147483647;
			files = (
			);
			runOnlyForDeploymentPostprocessing = 0;
		};
/* End PBXFrameworksBuildPhase section */

/* Begin PBXGroup section */
		A27158A826B3964C00DDF92F = {
			isa = PBXGroup;
			children = (
				A27158B326B3964C00DDF92F /* ColorPaletteSUI */,
				A27158B226B3964C00DDF92F /* Products */,
			);
			sourceTree = "<group>";
		};
		A27158B226B3964C00DDF92F /* Products */ = {
			isa = PBXGroup;
			children = (
				A27158B126B3964C00DDF92F /* ColorPaletteSUI.app */,
			);
			name = Products;
			sourceTree = "<group>";
		};
		A27158B326B3964C00DDF92F /* ColorPaletteSUI */ = {
			isa = PBXGroup;
			children = (
				A27158DE26B40CDA00DDF92F /* Services */,
				A27158C826B39AA700DDF92F /* ViewModifiers */,
				A27158C326B3977D00DDF92F /* Views */,
				A27158DF26B40CF000DDF92F /* Application */,
				A27158E026B40D0000DDF92F /* Resources */,
				A27158BA26B3965100DDF92F /* Preview Content */,
			);
			path = ColorPaletteSUI;
			sourceTree = "<group>";
		};
		A27158BA26B3965100DDF92F /* Preview Content */ = {
			isa = PBXGroup;
			children = (
				A27158BB26B3965100DDF92F /* Preview Assets.xcassets */,
			);
			path = "Preview Content";
			sourceTree = "<group>";
		};
		A27158C326B3977D00DDF92F /* Views */ = {
			isa = PBXGroup;
			children = (
				A27158C426B3978F00DDF92F /* BackgroundView.swift */,
				A27158C626B397EB00DDF92F /* ColorPreviewView.swift */,
				A27158C926B39D5900DDF92F /* ColorTextValue.swift */,
				A27158CB26B39D6D00DDF92F /* ValueSlider.swift */,
				A27158CD26B39D7C00DDF92F /* SliderTextField.swift */,
				A27158D126B3A19700DDF92F /* ColorSlider.swift */,
			);
			path = Views;
			sourceTree = "<group>";
		};
		A27158C826B39AA700DDF92F /* ViewModifiers */ = {
			isa = PBXGroup;
			children = (
				A27158CF26B3A02A00DDF92F /* TrackColor.swift */,
				A27158D826B4086200DDF92F /* ShowAlert.swift */,
				A27158DA26B40A4B00DDF92F /* ColorTextField.swift */,
				A27158DC26B40B2800DDF92F /* BackgroundViewStyle.swift */,
			);
			path = ViewModifiers;
			sourceTree = "<group>";
		};
		A27158DE26B40CDA00DDF92F /* Services */ = {
			isa = PBXGroup;
			children = (
				A27158D626B4029E00DDF92F /* Validator.swift */,
			);
			path = Services;
			sourceTree = "<group>";
		};
		A27158DF26B40CF000DDF92F /* Application */ = {
			isa = PBXGroup;
			children = (
				A27158B426B3964C00DDF92F /* ColorPaletteSUIApp.swift */,
				A27158B626B3964C00DDF92F /* ContentView.swift */,
			);
			path = Application;
			sourceTree = "<group>";
		};
		A27158E026B40D0000DDF92F /* Resources */ = {
			isa = PBXGroup;
			children = (
				A27158B826B3965100DDF92F /* Assets.xcassets */,
				A27158BD26B3965200DDF92F /* Info.plist */,
			);
			path = Resources;
			sourceTree = "<group>";
		};
/* End PBXGroup section */

/* Begin PBXNativeTarget section */
		A27158B026B3964C00DDF92F /* ColorPaletteSUI */ = {
			isa = PBXNativeTarget;
			buildConfigurationList = A27158C026B3965200DDF92F /* Build configuration list for PBXNativeTarget "ColorPaletteSUI" */;
			buildPhases = (
				A27158AD26B3964C00DDF92F /* Sources */,
				A27158AE26B3964C00DDF92F /* Frameworks */,
				A27158AF26B3964C00DDF92F /* Resources */,
			);
			buildRules = (
			);
			dependencies = (
			);
			name = ColorPaletteSUI;
			productName = ColorPaletteSUI;
			productReference = A27158B126B3964C00DDF92F /* ColorPaletteSUI.app */;
			productType = "com.apple.product-type.application";
		};
/* End PBXNativeTarget section */

/* Begin PBXProject section */
		A27158A926B3964C00DDF92F /* Project object */ = {
			isa = PBXProject;
			attributes = {
				LastSwiftUpdateCheck = 1250;
				LastUpgradeCheck = 1250;
				TargetAttributes = {
					A27158B026B3964C00DDF92F = {
						CreatedOnToolsVersion = 12.5.1;
					};
				};
			};
			buildConfigurationList = A27158AC26B3964C00DDF92F /* Build configuration list for PBXProject "ColorPaletteSUI" */;
			compatibilityVersion = "Xcode 9.3";
			developmentRegion = en;
			hasScannedForEncodings = 0;
			knownRegions = (
				en,
				Base,
			);
			mainGroup = A27158A826B3964C00DDF92F;
			productRefGroup = A27158B226B3964C00DDF92F /* Products */;
			projectDirPath = "";
			projectRoot = "";
			targets = (
				A27158B026B3964C00DDF92F /* ColorPaletteSUI */,
			);
		};
/* End PBXProject section */

/* Begin PBXResourcesBuildPhase section */
		A27158AF26B3964C00DDF92F /* Resources */ = {
			isa = PBXResourcesBuildPhase;
			buildActionMask = 2147483647;
			files = (
				A27158BC26B3965100DDF92F /* Preview Assets.xcassets in Resources */,
				A27158B926B3965100DDF92F /* Assets.xcassets in Resources */,
			);
			runOnlyForDeploymentPostprocessing = 0;
		};
/* End PBXResourcesBuildPhase section */

/* Begin PBXSourcesBuildPhase section */
		A27158AD26B3964C00DDF92F /* Sources */ = {
			isa = PBXSourcesBuildPhase;
			buildActionMask = 2147483647;
			files = (
				A27158C526B3978F00DDF92F /* BackgroundView.swift in Sources */,
				A27158D226B3A19700DDF92F /* ColorSlider.swift in Sources */,
				A27158DD26B40B2800DDF92F /* BackgroundViewStyle.swift in Sources */,
				A27158D726B4029E00DDF92F /* Validator.swift in Sources */,
				A27158DB26B40A4B00DDF92F /* ColorTextField.swift in Sources */,
				A27158CE26B39D7C00DDF92F /* SliderTextField.swift in Sources */,
				A27158C726B397EB00DDF92F /* ColorPreviewView.swift in Sources */,
				A27158B726B3964C00DDF92F /* ContentView.swift in Sources */,
				A27158B526B3964C00DDF92F /* ColorPaletteSUIApp.swift in Sources */,
				A27158CC26B39D6D00DDF92F /* ValueSlider.swift in Sources */,
				A27158CA26B39D5900DDF92F /* ColorTextValue.swift in Sources */,
				A27158D926B4086200DDF92F /* ShowAlert.swift in Sources */,
				A27158D026B3A02A00DDF92F /* TrackColor.swift in Sources */,
			);
			runOnlyForDeploymentPostprocessing = 0;
		};
/* End PBXSourcesBuildPhase section */

/* Begin XCBuildConfiguration section */
		A27158BE26B3965200DDF92F /* Debug */ = {
			isa = XCBuildConfiguration;
			buildSettings = {
				ALWAYS_SEARCH_USER_PATHS = NO;
				CLANG_ANALYZER_NONNULL = YES;
				CLANG_ANALYZER_NUMBER_OBJECT_CONVERSION = YES_AGGRESSIVE;
				CLANG_CXX_LANGUAGE_STANDARD = "gnu++14";
				CLANG_CXX_LIBRARY = "libc++";
				CLANG_ENABLE_MODULES = YES;
				CLANG_ENABLE_OBJC_ARC = YES;
				CLANG_ENABLE_OBJC_WEAK = YES;
				CLANG_WARN_BLOCK_CAPTURE_AUTORELEASING = YES;
				CLANG_WARN_BOOL_CONVERSION = YES;
				CLANG_WARN_COMMA = YES;
				CLANG_WARN_CONSTANT_CONVERSION = YES;
				CLANG_WARN_DEPRECATED_OBJC_IMPLEMENTATIONS = YES;
				CLANG_WARN_DIRECT_OBJC_ISA_USAGE = YES_ERROR;
				CLANG_WARN_DOCUMENTATION_COMMENTS = YES;
				CLANG_WARN_EMPTY_BODY = YES;
				CLANG_WARN_ENUM_CONVERSION = YES;
				CLANG_WARN_INFINITE_RECURSION = YES;
				CLANG_WARN_INT_CONVERSION = YES;
				CLANG_WARN_NON_LITERAL_NULL_CONVERSION = YES;
				CLANG_WARN_OBJC_IMPLICIT_RETAIN_SELF = YES;
				CLANG_WARN_OBJC_LITERAL_CONVERSION = YES;
				CLANG_WARN_OBJC_ROOT_CLASS = YES_ERROR;
				CLANG_WARN_QUOTED_INCLUDE_IN_FRAMEWORK_HEADER = YES;
				CLANG_WARN_RANGE_LOOP_ANALYSIS = YES;
				CLANG_WARN_STRICT_PROTOTYPES = YES;
				CLANG_WARN_SUSPICIOUS_MOVE = YES;
				CLANG_WARN_UNGUARDED_AVAILABILITY = YES_AGGRESSIVE;
				CLANG_WARN_UNREACHABLE_CODE = YES;
				CLANG_WARN__DUPLICATE_METHOD_MATCH = YES;
				COPY_PHASE_STRIP = NO;
				DEBUG_INFORMATION_FORMAT = dwarf;
				ENABLE_STRICT_OBJC_MSGSEND = YES;
				ENABLE_TESTABILITY = YES;
				GCC_C_LANGUAGE_STANDARD = gnu11;
				GCC_DYNAMIC_NO_PIC = NO;
				GCC_NO_COMMON_BLOCKS = YES;
				GCC_OPTIMIZATION_LEVEL = 0;
				GCC_PREPROCESSOR_DEFINITIONS = (
					"DEBUG=1",
					"$(inherited)",
				);
				GCC_WARN_64_TO_32_BIT_CONVERSION = YES;
				GCC_WARN_ABOUT_RETURN_TYPE = YES_ERROR;
				GCC_WARN_UNDECLARED_SELECTOR = YES;
				GCC_WARN_UNINITIALIZED_AUTOS = YES_AGGRESSIVE;
				GCC_WARN_UNUSED_FUNCTION = YES;
				GCC_WARN_UNUSED_VARIABLE = YES;
				IPHONEOS_DEPLOYMENT_TARGET = 14.5;
				MTL_ENABLE_DEBUG_INFO = INCLUDE_SOURCE;
				MTL_FAST_MATH = YES;
				ONLY_ACTIVE_ARCH = YES;
				SDKROOT = iphoneos;
				SWIFT_ACTIVE_COMPILATION_CONDITIONS = DEBUG;
				SWIFT_OPTIMIZATION_LEVEL = "-Onone";
			};
			name = Debug;
		};
		A27158BF26B3965200DDF92F /* Release */ = {
			isa = XCBuildConfiguration;
			buildSettings = {
				ALWAYS_SEARCH_USER_PATHS = NO;
				CLANG_ANALYZER_NONNULL = YES;
				CLANG_ANALYZER_NUMBER_OBJECT_CONVERSION = YES_AGGRESSIVE;
				CLANG_CXX_LANGUAGE_STANDARD = "gnu++14";
				CLANG_CXX_LIBRARY = "libc++";
				CLANG_ENABLE_MODULES = YES;
				CLANG_ENABLE_OBJC_ARC = YES;
				CLANG_ENABLE_OBJC_WEAK = YES;
				CLANG_WARN_BLOCK_CAPTURE_AUTORELEASING = YES;
				CLANG_WARN_BOOL_CONVERSION = YES;
				CLANG_WARN_COMMA = YES;
				CLANG_WARN_CONSTANT_CONVERSION = YES;
				CLANG_WARN_DEPRECATED_OBJC_IMPLEMENTATIONS = YES;
				CLANG_WARN_DIRECT_OBJC_ISA_USAGE = YES_ERROR;
				CLANG_WARN_DOCUMENTATION_COMMENTS = YES;
				CLANG_WARN_EMPTY_BODY = YES;
				CLANG_WARN_ENUM_CONVERSION = YES;
				CLANG_WARN_INFINITE_RECURSION = YES;
				CLANG_WARN_INT_CONVERSION = YES;
				CLANG_WARN_NON_LITERAL_NULL_CONVERSION = YES;
				CLANG_WARN_OBJC_IMPLICIT_RETAIN_SELF = YES;
				CLANG_WARN_OBJC_LITERAL_CONVERSION = YES;
				CLANG_WARN_OBJC_ROOT_CLASS = YES_ERROR;
				CLANG_WARN_QUOTED_INCLUDE_IN_FRAMEWORK_HEADER = YES;
				CLANG_WARN_RANGE_LOOP_ANALYSIS = YES;
				CLANG_WARN_STRICT_PROTOTYPES = YES;
				CLANG_WARN_SUSPICIOUS_MOVE = YES;
				CLANG_WARN_UNGUARDED_AVAILABILITY = YES_AGGRESSIVE;
				CLANG_WARN_UNREACHABLE_CODE = YES;
				CLANG_WARN__DUPLICATE_METHOD_MATCH = YES;
				COPY_PHASE_STRIP = NO;
				DEBUG_INFORMATION_FORMAT = "dwarf-with-dsym";
				ENABLE_NS_ASSERTIONS = NO;
				ENABLE_STRICT_OBJC_MSGSEND = YES;
				GCC_C_LANGUAGE_STANDARD = gnu11;
				GCC_NO_COMMON_BLOCKS = YES;
				GCC_WARN_64_TO_32_BIT_CONVERSION = YES;
				GCC_WARN_ABOUT_RETURN_TYPE = YES_ERROR;
				GCC_WARN_UNDECLARED_SELECTOR = YES;
				GCC_WARN_UNINITIALIZED_AUTOS = YES_AGGRESSIVE;
				GCC_WARN_UNUSED_FUNCTION = YES;
				GCC_WARN_UNUSED_VARIABLE = YES;
				IPHONEOS_DEPLOYMENT_TARGET = 14.5;
				MTL_ENABLE_DEBUG_INFO = NO;
				MTL_FAST_MATH = YES;
				SDKROOT = iphoneos;
				SWIFT_COMPILATION_MODE = wholemodule;
				SWIFT_OPTIMIZATION_LEVEL = "-O";
				VALIDATE_PRODUCT = YES;
			};
			name = Release;
		};
		A27158C126B3965200DDF92F /* Debug */ = {
			isa = XCBuildConfiguration;
			buildSettings = {
				ASSETCATALOG_COMPILER_APPICON_NAME = AppIcon;
				ASSETCATALOG_COMPILER_GLOBAL_ACCENT_COLOR_NAME = AccentColor;
				CODE_SIGN_STYLE = Automatic;
				DEVELOPMENT_ASSET_PATHS = "\"ColorPaletteSUI/Preview Content\"";
				DEVELOPMENT_TEAM = HP2GYZ69BY;
				ENABLE_PREVIEWS = YES;
				INFOPLIST_FILE = ColorPaletteSUI/Resources/Info.plist;
				IPHONEOS_DEPLOYMENT_TARGET = 14.0;
				LD_RUNPATH_SEARCH_PATHS = (
					"$(inherited)",
					"@executable_path/Frameworks",
				);
				PRODUCT_BUNDLE_IDENTIFIER = ru.codensk.ColorPaletteSUI;
				PRODUCT_NAME = "$(TARGET_NAME)";
				SWIFT_VERSION = 5.0;
				TARGETED_DEVICE_FAMILY = "1,2";
			};
			name = Debug;
		};
		A27158C226B3965200DDF92F /* Release */ = {
			isa = XCBuildConfiguration;
			buildSettings = {
				ASSETCATALOG_COMPILER_APPICON_NAME = AppIcon;
				ASSETCATALOG_COMPILER_GLOBAL_ACCENT_COLOR_NAME = AccentColor;
				CODE_SIGN_STYLE = Automatic;
				DEVELOPMENT_ASSET_PATHS = "\"ColorPaletteSUI/Preview Content\"";
				DEVELOPMENT_TEAM = HP2GYZ69BY;
				ENABLE_PREVIEWS = YES;
				INFOPLIST_FILE = ColorPaletteSUI/Resources/Info.plist;
				IPHONEOS_DEPLOYMENT_TARGET = 14.0;
				LD_RUNPATH_SEARCH_PATHS = (
					"$(inherited)",
					"@executable_path/Frameworks",
				);
				PRODUCT_BUNDLE_IDENTIFIER = ru.codensk.ColorPaletteSUI;
				PRODUCT_NAME = "$(TARGET_NAME)";
				SWIFT_VERSION = 5.0;
				TARGETED_DEVICE_FAMILY = "1,2";
			};
			name = Release;
		};
/* End XCBuildConfiguration section */

/* Begin XCConfigurationList section */
		A27158AC26B3964C00DDF92F /* Build configuration list for PBXProject "ColorPaletteSUI" */ = {
			isa = XCConfigurationList;
			buildConfigurations = (
				A27158BE26B3965200DDF92F /* Debug */,
				A27158BF26B3965200DDF92F /* Release */,
			);
			defaultConfigurationIsVisible = 0;
			defaultConfigurationName = Release;
		};
		A27158C026B3965200DDF92F /* Build configuration list for PBXNativeTarget "ColorPaletteSUI" */ = {
			isa = XCConfigurationList;
			buildConfigurations = (
				A27158C126B3965200DDF92F /* Debug */,
				A27158C226B3965200DDF92F /* Release */,
			);
			defaultConfigurationIsVisible = 0;
			defaultConfigurationName = Release;
		};
/* End XCConfigurationList section */
	};
	rootObject = A27158A926B3964C00DDF92F /* Project object */;
}
